dependencies:
  bblanchon/arduinojson:
    component_hash: 5e6aff2bc5bc988b36c8e90c01e637495ee895ad3af93911860c21ec6da79b6a
    dependencies: []
    source:
      registry_url: https://components.espressif.com/
      type: service
    version: 7.4.3
  idf:
    source:
      type: idf
    version: 6.1.0
direct_dependencies:
- bblanchon/arduinojson
- idf
manifest_hash: 002c42eb373d908f7610be7f2fff284b533aaf2088132db1f87dfb6f22e57e3d
target: esp32
version: 3.0.0
